
Microsoft Visual Studio Solution File, Format Version 12.00
# Visual Studio Version 17
VisualStudioVersion = 17.3.32825.248
MinimumVisualStudioVersion = 10.0.40219.1
Project("{FAE04EC0-301F-11D3-BF4B-00C04F79EFBC}") = "jeweler", "jeweler\jeweler.csproj", "{125B1B98-2C1F-4B4B-8BD7-8E559B2992EB}"
EndProject
Global
	GlobalSection(SolutionConfigurationPlatforms) = preSolution
		Debug|Any CPU = Debug|Any CPU
		Release|Any CPU = Release|Any CPU
	EndGlobalSection
	GlobalSection(ProjectConfigurationPlatforms) = postSolution
		{125B1B98-2C1F-4B4B-8BD7-8E559B2992EB}.Debug|Any CPU.ActiveCfg = Debug|Any CPU
		{125B1B98-2C1F-4B4B-8BD7-8E559B2992EB}.Debug|Any CPU.Build.0 = Debug|Any CPU
		{125B1B98-2C1F-4B4B-8BD7-8E559B2992EB}.Release|Any CPU.ActiveCfg = Release|Any CPU
		{125B1B98-2C1F-4B4B-8BD7-8E559B2992EB}.Release|Any CPU.Build.0 = Release|Any CPU
	EndGlobalSection
	GlobalSection(SolutionProperties) = preSolution
		HideSolutionNode = FALSE
	EndGlobalSection
	GlobalSection(ExtensibilityGlobals) = postSolution
		SolutionGuid = {617A9B8D-B13E-4FA7-8818-2523216A2BA0}
	EndGlobalSection
EndGlobal
